// !$*UTF8*$!
{
	archiveVersion = 1;
	classes = {
	};
	objectVersion = 51;
	objects = {

/* Begin PBXBuildFile section */
		074896BD45C293277971344D /* Pods_LeoApp.framework in Frameworks */ = {isa = PBXBuildFile; fileRef = 608DAEE1D1D16E78CBD47B26 /* Pods_LeoApp.framework */; };
		08082060257766DD000C4C01 /* RealmFile.swift in Sources */ = {isa = PBXBuildFile; fileRef = 0808205F257766DD000C4C01 /* RealmFile.swift */; };
		0808206B257771F5000C4C01 /* CoreDataViewController.swift in Sources */ = {isa = PBXBuildFile; fileRef = 0808206A257771F5000C4C01 /* CoreDataViewController.swift */; };
		080F103D257B80A4002C39DB /* CoreData.xcdatamodeld in Sources */ = {isa = PBXBuildFile; fileRef = 080F103B257B80A4002C39DB /* CoreData.xcdatamodeld */; };
		0814D41A25628A6D00845466 /* AnimationViewController.swift in Sources */ = {isa = PBXBuildFile; fileRef = 0814D41925628A6D00845466 /* AnimationViewController.swift */; };
		0841721C25680AC9004A1580 /* RoundButton.swift in Sources */ = {isa = PBXBuildFile; fileRef = 0841721B25680AC9004A1580 /* RoundButton.swift */; };
		085E7BDB2580E6AC00B2C23F /* ColorsContainerViewController.swift in Sources */ = {isa = PBXBuildFile; fileRef = 085E7BDA2580E6AC00B2C23F /* ColorsContainerViewController.swift */; };
		085E7BE02580E6E100B2C23F /* ColorsChangeViewController.swift in Sources */ = {isa = PBXBuildFile; fileRef = 085E7BDF2580E6E100B2C23F /* ColorsChangeViewController.swift */; };
		08711636256D006100EAE661 /* ToDoListViewController.swift in Sources */ = {isa = PBXBuildFile; fileRef = 08711635256D006100EAE661 /* ToDoListViewController.swift */; };
		087D9E4F255DB13C00625E2E /* ClockViewController.swift in Sources */ = {isa = PBXBuildFile; fileRef = 087D9E4E255DB13B00625E2E /* ClockViewController.swift */; };
		08B82C48255D749000BAC5CD /* AppDelegate.swift in Sources */ = {isa = PBXBuildFile; fileRef = 08B82C47255D749000BAC5CD /* AppDelegate.swift */; };
		08B82C4A255D749000BAC5CD /* SceneDelegate.swift in Sources */ = {isa = PBXBuildFile; fileRef = 08B82C49255D749000BAC5CD /* SceneDelegate.swift */; };
		08B82C4C255D749000BAC5CD /* ViewController.swift in Sources */ = {isa = PBXBuildFile; fileRef = 08B82C4B255D749000BAC5CD /* ViewController.swift */; };
		08B82C4F255D749000BAC5CD /* Main.storyboard in Resources */ = {isa = PBXBuildFile; fileRef = 08B82C4D255D749000BAC5CD /* Main.storyboard */; };
		08B82C51255D749100BAC5CD /* Assets.xcassets in Resources */ = {isa = PBXBuildFile; fileRef = 08B82C50255D749100BAC5CD /* Assets.xcassets */; };
		08B82C54255D749100BAC5CD /* LaunchScreen.storyboard in Resources */ = {isa = PBXBuildFile; fileRef = 08B82C52255D749100BAC5CD /* LaunchScreen.storyboard */; };
		08B82C5F255D749100BAC5CD /* LeoAppTests.swift in Sources */ = {isa = PBXBuildFile; fileRef = 08B82C5E255D749100BAC5CD /* LeoAppTests.swift */; };
		08B82C6A255D749100BAC5CD /* LeoAppUITests.swift in Sources */ = {isa = PBXBuildFile; fileRef = 08B82C69255D749100BAC5CD /* LeoAppUITests.swift */; };
		08B82C7F255D751A00BAC5CD /* WeatherViewController.swift in Sources */ = {isa = PBXBuildFile; fileRef = 08B82C7E255D751A00BAC5CD /* WeatherViewController.swift */; };
		08B82C93255D7F9B00BAC5CD /* ButtonViewController.swift in Sources */ = {isa = PBXBuildFile; fileRef = 08B82C92255D7F9B00BAC5CD /* ButtonViewController.swift */; };
		08D4346C25811F1B000C4F54 /* SettingsViewController.swift in Sources */ = {isa = PBXBuildFile; fileRef = 08D4346B25811F1B000C4F54 /* SettingsViewController.swift */; };
		E042F1AD2BB787CF32036026 /* Pods_LeoAppTests.framework in Frameworks */ = {isa = PBXBuildFile; fileRef = D22A968DB6C1810942C84F46 /* Pods_LeoAppTests.framework */; };
		F6668F40F75C5CD99416510E /* Pods_LeoApp_LeoAppUITests.framework in Frameworks */ = {isa = PBXBuildFile; fileRef = AF43111337BD27F7A7CD774A /* Pods_LeoApp_LeoAppUITests.framework */; };
/* End PBXBuildFile section */

/* Begin PBXContainerItemProxy section */
		08B82C5B255D749100BAC5CD /* PBXContainerItemProxy */ = {
			isa = PBXContainerItemProxy;
			containerPortal = 08B82C3C255D749000BAC5CD /* Project object */;
			proxyType = 1;
			remoteGlobalIDString = 08B82C43255D749000BAC5CD;
			remoteInfo = LeoApp;
		};
		08B82C66255D749100BAC5CD /* PBXContainerItemProxy */ = {
			isa = PBXContainerItemProxy;
			containerPortal = 08B82C3C255D749000BAC5CD /* Project object */;
			proxyType = 1;
			remoteGlobalIDString = 08B82C43255D749000BAC5CD;
			remoteInfo = LeoApp;
		};
/* End PBXContainerItemProxy section */

/* Begin PBXFileReference section */
		01AB744C8F784367F5F47A9B /* Pods-LeoAppTests.release.xcconfig */ = {isa = PBXFileReference; includeInIndex = 1; lastKnownFileType = text.xcconfig; name = "Pods-LeoAppTests.release.xcconfig"; path = "Target Support Files/Pods-LeoAppTests/Pods-LeoAppTests.release.xcconfig"; sourceTree = "<group>"; };
		0808205F257766DD000C4C01 /* RealmFile.swift */ = {isa = PBXFileReference; lastKnownFileType = sourcecode.swift; path = RealmFile.swift; sourceTree = "<group>"; };
		0808206A257771F5000C4C01 /* CoreDataViewController.swift */ = {isa = PBXFileReference; lastKnownFileType = sourcecode.swift; path = CoreDataViewController.swift; sourceTree = "<group>"; };
		080F103C257B80A4002C39DB /* CoreData.xcdatamodel */ = {isa = PBXFileReference; lastKnownFileType = wrapper.xcdatamodel; path = CoreData.xcdatamodel; sourceTree = "<group>"; };
		0814D41925628A6D00845466 /* AnimationViewController.swift */ = {isa = PBXFileReference; lastKnownFileType = sourcecode.swift; path = AnimationViewController.swift; sourceTree = "<group>"; };
		0841721B25680AC9004A1580 /* RoundButton.swift */ = {isa = PBXFileReference; lastKnownFileType = sourcecode.swift; path = RoundButton.swift; sourceTree = "<group>"; };
		085E7BDA2580E6AC00B2C23F /* ColorsContainerViewController.swift */ = {isa = PBXFileReference; lastKnownFileType = sourcecode.swift; path = ColorsContainerViewController.swift; sourceTree = "<group>"; };
		085E7BDF2580E6E100B2C23F /* ColorsChangeViewController.swift */ = {isa = PBXFileReference; lastKnownFileType = sourcecode.swift; path = ColorsChangeViewController.swift; sourceTree = "<group>"; };
		08711635256D006100EAE661 /* ToDoListViewController.swift */ = {isa = PBXFileReference; lastKnownFileType = sourcecode.swift; path = ToDoListViewController.swift; sourceTree = "<group>"; };
		087D9E4E255DB13B00625E2E /* ClockViewController.swift */ = {isa = PBXFileReference; lastKnownFileType = sourcecode.swift; path = ClockViewController.swift; sourceTree = "<group>"; };
		08B82C44255D749000BAC5CD /* LeoApp.app */ = {isa = PBXFileReference; explicitFileType = wrapper.application; includeInIndex = 0; path = LeoApp.app; sourceTree = BUILT_PRODUCTS_DIR; };
		08B82C47255D749000BAC5CD /* AppDelegate.swift */ = {isa = PBXFileReference; lastKnownFileType = sourcecode.swift; path = AppDelegate.swift; sourceTree = "<group>"; };
		08B82C49255D749000BAC5CD /* SceneDelegate.swift */ = {isa = PBXFileReference; lastKnownFileType = sourcecode.swift; path = SceneDelegate.swift; sourceTree = "<group>"; };
		08B82C4B255D749000BAC5CD /* ViewController.swift */ = {isa = PBXFileReference; lastKnownFileType = sourcecode.swift; path = ViewController.swift; sourceTree = "<group>"; };
		08B82C4E255D749000BAC5CD /* Base */ = {isa = PBXFileReference; lastKnownFileType = file.storyboard; name = Base; path = Base.lproj/Main.storyboard; sourceTree = "<group>"; };
		08B82C50255D749100BAC5CD /* Assets.xcassets */ = {isa = PBXFileReference; lastKnownFileType = folder.assetcatalog; path = Assets.xcassets; sourceTree = "<group>"; };
		08B82C53255D749100BAC5CD /* Base */ = {isa = PBXFileReference; lastKnownFileType = file.storyboard; name = Base; path = Base.lproj/LaunchScreen.storyboard; sourceTree = "<group>"; };
		08B82C55255D749100BAC5CD /* Info.plist */ = {isa = PBXFileReference; lastKnownFileType = text.plist.xml; path = Info.plist; sourceTree = "<group>"; };
		08B82C5A255D749100BAC5CD /* LeoAppTests.xctest */ = {isa = PBXFileReference; explicitFileType = wrapper.cfbundle; includeInIndex = 0; path = LeoAppTests.xctest; sourceTree = BUILT_PRODUCTS_DIR; };
		08B82C5E255D749100BAC5CD /* LeoAppTests.swift */ = {isa = PBXFileReference; lastKnownFileType = sourcecode.swift; path = LeoAppTests.swift; sourceTree = "<group>"; };
		08B82C60255D749100BAC5CD /* Info.plist */ = {isa = PBXFileReference; lastKnownFileType = text.plist.xml; path = Info.plist; sourceTree = "<group>"; };
		08B82C65255D749100BAC5CD /* LeoAppUITests.xctest */ = {isa = PBXFileReference; explicitFileType = wrapper.cfbundle; includeInIndex = 0; path = LeoAppUITests.xctest; sourceTree = BUILT_PRODUCTS_DIR; };
		08B82C69255D749100BAC5CD /* LeoAppUITests.swift */ = {isa = PBXFileReference; lastKnownFileType = sourcecode.swift; path = LeoAppUITests.swift; sourceTree = "<group>"; };
		08B82C6B255D749100BAC5CD /* Info.plist */ = {isa = PBXFileReference; lastKnownFileType = text.plist.xml; path = Info.plist; sourceTree = "<group>"; };
		08B82C7E255D751A00BAC5CD /* WeatherViewController.swift */ = {isa = PBXFileReference; lastKnownFileType = sourcecode.swift; path = WeatherViewController.swift; sourceTree = "<group>"; };
		08B82C92255D7F9B00BAC5CD /* ButtonViewController.swift */ = {isa = PBXFileReference; lastKnownFileType = sourcecode.swift; path = ButtonViewController.swift; sourceTree = "<group>"; };
		08D4346B25811F1B000C4F54 /* SettingsViewController.swift */ = {isa = PBXFileReference; lastKnownFileType = sourcecode.swift; path = SettingsViewController.swift; sourceTree = "<group>"; };
		322DEBDF677B1412091AF81C /* Pods-LeoApp-LeoAppUITests.debug.xcconfig */ = {isa = PBXFileReference; includeInIndex = 1; lastKnownFileType = text.xcconfig; name = "Pods-LeoApp-LeoAppUITests.debug.xcconfig"; path = "Target Support Files/Pods-LeoApp-LeoAppUITests/Pods-LeoApp-LeoAppUITests.debug.xcconfig"; sourceTree = "<group>"; };
		50CE91DC71F68B585760999B /* Pods-LeoApp.release.xcconfig */ = {isa = PBXFileReference; includeInIndex = 1; lastKnownFileType = text.xcconfig; name = "Pods-LeoApp.release.xcconfig"; path = "Target Support Files/Pods-LeoApp/Pods-LeoApp.release.xcconfig"; sourceTree = "<group>"; };
		608DAEE1D1D16E78CBD47B26 /* Pods_LeoApp.framework */ = {isa = PBXFileReference; explicitFileType = wrapper.framework; includeInIndex = 0; path = Pods_LeoApp.framework; sourceTree = BUILT_PRODUCTS_DIR; };
		AF43111337BD27F7A7CD774A /* Pods_LeoApp_LeoAppUITests.framework */ = {isa = PBXFileReference; explicitFileType = wrapper.framework; includeInIndex = 0; path = Pods_LeoApp_LeoAppUITests.framework; sourceTree = BUILT_PRODUCTS_DIR; };
		B035EB95B6CEA7319EA9324D /* Pods-LeoApp-LeoAppUITests.release.xcconfig */ = {isa = PBXFileReference; includeInIndex = 1; lastKnownFileType = text.xcconfig; name = "Pods-LeoApp-LeoAppUITests.release.xcconfig"; path = "Target Support Files/Pods-LeoApp-LeoAppUITests/Pods-LeoApp-LeoAppUITests.release.xcconfig"; sourceTree = "<group>"; };
		BFB71CA2C61355F35EC8584A /* Pods-LeoApp.debug.xcconfig */ = {isa = PBXFileReference; includeInIndex = 1; lastKnownFileType = text.xcconfig; name = "Pods-LeoApp.debug.xcconfig"; path = "Target Support Files/Pods-LeoApp/Pods-LeoApp.debug.xcconfig"; sourceTree = "<group>"; };
		C6972D583029252302675E82 /* Pods-LeoAppTests.debug.xcconfig */ = {isa = PBXFileReference; includeInIndex = 1; lastKnownFileType = text.xcconfig; name = "Pods-LeoAppTests.debug.xcconfig"; path = "Target Support Files/Pods-LeoAppTests/Pods-LeoAppTests.debug.xcconfig"; sourceTree = "<group>"; };
		D22A968DB6C1810942C84F46 /* Pods_LeoAppTests.framework */ = {isa = PBXFileReference; explicitFileType = wrapper.framework; includeInIndex = 0; path = Pods_LeoAppTests.framework; sourceTree = BUILT_PRODUCTS_DIR; };
/* End PBXFileReference section */

/* Begin PBXFrameworksBuildPhase section */
		08B82C41255D749000BAC5CD /* Frameworks */ = {
			isa = PBXFrameworksBuildPhase;
			buildActionMask = 2147483647;
			files = (
				074896BD45C293277971344D /* Pods_LeoApp.framework in Frameworks */,
			);
			runOnlyForDeploymentPostprocessing = 0;
		};
		08B82C57255D749100BAC5CD /* Frameworks */ = {
			isa = PBXFrameworksBuildPhase;
			buildActionMask = 2147483647;
			files = (
				E042F1AD2BB787CF32036026 /* Pods_LeoAppTests.framework in Frameworks */,
			);
			runOnlyForDeploymentPostprocessing = 0;
		};
		08B82C62255D749100BAC5CD /* Frameworks */ = {
			isa = PBXFrameworksBuildPhase;
			buildActionMask = 2147483647;
			files = (
				F6668F40F75C5CD99416510E /* Pods_LeoApp_LeoAppUITests.framework in Frameworks */,
			);
			runOnlyForDeploymentPostprocessing = 0;
		};
/* End PBXFrameworksBuildPhase section */

/* Begin PBXGroup section */
		08B82C3B255D749000BAC5CD = {
			isa = PBXGroup;
			children = (
				08B82C7D255D74E800BAC5CD /* ViewControllers */,
				08B82C46255D749000BAC5CD /* LeoApp */,
				08B82C5D255D749100BAC5CD /* LeoAppTests */,
				08B82C68255D749100BAC5CD /* LeoAppUITests */,
				08B82C45255D749000BAC5CD /* Products */,
				448AE290209388E25DF94EC2 /* Pods */,
				2667A416A4F9EBE2A3AC31E2 /* Frameworks */,
			);
			sourceTree = "<group>";
		};
		08B82C45255D749000BAC5CD /* Products */ = {
			isa = PBXGroup;
			children = (
				08B82C44255D749000BAC5CD /* LeoApp.app */,
				08B82C5A255D749100BAC5CD /* LeoAppTests.xctest */,
				08B82C65255D749100BAC5CD /* LeoAppUITests.xctest */,
			);
			name = Products;
			sourceTree = "<group>";
		};
		08B82C46255D749000BAC5CD /* LeoApp */ = {
			isa = PBXGroup;
			children = (
				08B82C47255D749000BAC5CD /* AppDelegate.swift */,
				08B82C49255D749000BAC5CD /* SceneDelegate.swift */,
				08B82C4D255D749000BAC5CD /* Main.storyboard */,
				08B82C50255D749100BAC5CD /* Assets.xcassets */,
				08B82C52255D749100BAC5CD /* LaunchScreen.storyboard */,
				08B82C55255D749100BAC5CD /* Info.plist */,
				080F103B257B80A4002C39DB /* CoreData.xcdatamodeld */,
			);
			path = LeoApp;
			sourceTree = "<group>";
		};
		08B82C5D255D749100BAC5CD /* LeoAppTests */ = {
			isa = PBXGroup;
			children = (
				08B82C5E255D749100BAC5CD /* LeoAppTests.swift */,
				08B82C60255D749100BAC5CD /* Info.plist */,
			);
			path = LeoAppTests;
			sourceTree = "<group>";
		};
		08B82C68255D749100BAC5CD /* LeoAppUITests */ = {
			isa = PBXGroup;
			children = (
				08B82C69255D749100BAC5CD /* LeoAppUITests.swift */,
				08B82C6B255D749100BAC5CD /* Info.plist */,
			);
			path = LeoAppUITests;
			sourceTree = "<group>";
		};
		08B82C7D255D74E800BAC5CD /* ViewControllers */ = {
			isa = PBXGroup;
			children = (
				08B82C4B255D749000BAC5CD /* ViewController.swift */,
				08B82C7E255D751A00BAC5CD /* WeatherViewController.swift */,
				08B82C92255D7F9B00BAC5CD /* ButtonViewController.swift */,
				087D9E4E255DB13B00625E2E /* ClockViewController.swift */,
				0814D41925628A6D00845466 /* AnimationViewController.swift */,
				0841721B25680AC9004A1580 /* RoundButton.swift */,
				08711635256D006100EAE661 /* ToDoListViewController.swift */,
				0808205F257766DD000C4C01 /* RealmFile.swift */,
				0808206A257771F5000C4C01 /* CoreDataViewController.swift */,
				085E7BDA2580E6AC00B2C23F /* ColorsContainerViewController.swift */,
				085E7BDF2580E6E100B2C23F /* ColorsChangeViewController.swift */,
				08D4346B25811F1B000C4F54 /* SettingsViewController.swift */,
			);
			path = ViewControllers;
			sourceTree = "<group>";
		};
		2667A416A4F9EBE2A3AC31E2 /* Frameworks */ = {
			isa = PBXGroup;
			children = (
				608DAEE1D1D16E78CBD47B26 /* Pods_LeoApp.framework */,
				AF43111337BD27F7A7CD774A /* Pods_LeoApp_LeoAppUITests.framework */,
				D22A968DB6C1810942C84F46 /* Pods_LeoAppTests.framework */,
			);
			name = Frameworks;
			sourceTree = "<group>";
		};
		448AE290209388E25DF94EC2 /* Pods */ = {
			isa = PBXGroup;
			children = (
				BFB71CA2C61355F35EC8584A /* Pods-LeoApp.debug.xcconfig */,
				50CE91DC71F68B585760999B /* Pods-LeoApp.release.xcconfig */,
				322DEBDF677B1412091AF81C /* Pods-LeoApp-LeoAppUITests.debug.xcconfig */,
				B035EB95B6CEA7319EA9324D /* Pods-LeoApp-LeoAppUITests.release.xcconfig */,
				C6972D583029252302675E82 /* Pods-LeoAppTests.debug.xcconfig */,
				01AB744C8F784367F5F47A9B /* Pods-LeoAppTests.release.xcconfig */,
			);
			path = Pods;
			sourceTree = "<group>";
		};
/* End PBXGroup section */

/* Begin PBXNativeTarget section */
		08B82C43255D749000BAC5CD /* LeoApp */ = {
			isa = PBXNativeTarget;
			buildConfigurationList = 08B82C6E255D749100BAC5CD /* Build configuration list for PBXNativeTarget "LeoApp" */;
			buildPhases = (
				A53C0C0F22D0DAC5C58B7D72 /* [CP] Check Pods Manifest.lock */,
				08B82C40255D749000BAC5CD /* Sources */,
				08B82C41255D749000BAC5CD /* Frameworks */,
				08B82C42255D749000BAC5CD /* Resources */,
				730E5C41389E0D622C5DC5EC /* [CP] Embed Pods Frameworks */,
			);
			buildRules = (
			);
			dependencies = (
			);
			name = LeoApp;
			productName = LeoApp;
			productReference = 08B82C44255D749000BAC5CD /* LeoApp.app */;
			productType = "com.apple.product-type.application";
		};
		08B82C59255D749100BAC5CD /* LeoAppTests */ = {
			isa = PBXNativeTarget;
			buildConfigurationList = 08B82C71255D749100BAC5CD /* Build configuration list for PBXNativeTarget "LeoAppTests" */;
			buildPhases = (
				2BAEF6A90946D4AE0DA18F57 /* [CP] Check Pods Manifest.lock */,
				08B82C56255D749100BAC5CD /* Sources */,
				08B82C57255D749100BAC5CD /* Frameworks */,
				08B82C58255D749100BAC5CD /* Resources */,
			);
			buildRules = (
			);
			dependencies = (
				08B82C5C255D749100BAC5CD /* PBXTargetDependency */,
			);
			name = LeoAppTests;
			productName = LeoAppTests;
			productReference = 08B82C5A255D749100BAC5CD /* LeoAppTests.xctest */;
			productType = "com.apple.product-type.bundle.unit-test";
		};
		08B82C64255D749100BAC5CD /* LeoAppUITests */ = {
			isa = PBXNativeTarget;
			buildConfigurationList = 08B82C74255D749100BAC5CD /* Build configuration list for PBXNativeTarget "LeoAppUITests" */;
			buildPhases = (
				212C46D48DC0E6986B587B36 /* [CP] Check Pods Manifest.lock */,
				08B82C61255D749100BAC5CD /* Sources */,
				08B82C62255D749100BAC5CD /* Frameworks */,
				08B82C63255D749100BAC5CD /* Resources */,
				2CB420AE8BBA268A44BC4A2A /* [CP] Embed Pods Frameworks */,
			);
			buildRules = (
			);
			dependencies = (
				08B82C67255D749100BAC5CD /* PBXTargetDependency */,
			);
			name = LeoAppUITests;
			productName = LeoAppUITests;
			productReference = 08B82C65255D749100BAC5CD /* LeoAppUITests.xctest */;
			productType = "com.apple.product-type.bundle.ui-testing";
		};
/* End PBXNativeTarget section */

/* Begin PBXProject section */
		08B82C3C255D749000BAC5CD /* Project object */ = {
			isa = PBXProject;
			attributes = {
				LastSwiftUpdateCheck = 1210;
				LastUpgradeCheck = 1210;
				TargetAttributes = {
					08B82C43255D749000BAC5CD = {
						CreatedOnToolsVersion = 12.1;
					};
					08B82C59255D749100BAC5CD = {
						CreatedOnToolsVersion = 12.1;
						TestTargetID = 08B82C43255D749000BAC5CD;
					};
					08B82C64255D749100BAC5CD = {
						CreatedOnToolsVersion = 12.1;
						TestTargetID = 08B82C43255D749000BAC5CD;
					};
				};
			};
			buildConfigurationList = 08B82C3F255D749000BAC5CD /* Build configuration list for PBXProject "LeoApp" */;
			compatibilityVersion = "Xcode 9.3";
			developmentRegion = en;
			hasScannedForEncodings = 0;
			knownRegions = (
				en,
				Base,
			);
			mainGroup = 08B82C3B255D749000BAC5CD;
			productRefGroup = 08B82C45255D749000BAC5CD /* Products */;
			projectDirPath = "";
			projectRoot = "";
			targets = (
				08B82C43255D749000BAC5CD /* LeoApp */,
				08B82C59255D749100BAC5CD /* LeoAppTests */,
				08B82C64255D749100BAC5CD /* LeoAppUITests */,
			);
		};
/* End PBXProject section */

/* Begin PBXResourcesBuildPhase section */
		08B82C42255D749000BAC5CD /* Resources */ = {
			isa = PBXResourcesBuildPhase;
			buildActionMask = 2147483647;
			files = (
				08B82C54255D749100BAC5CD /* LaunchScreen.storyboard in Resources */,
				08B82C51255D749100BAC5CD /* Assets.xcassets in Resources */,
				08B82C4F255D749000BAC5CD /* Main.storyboard in Resources */,
			);
			runOnlyForDeploymentPostprocessing = 0;
		};
		08B82C58255D749100BAC5CD /* Resources */ = {
			isa = PBXResourcesBuildPhase;
			buildActionMask = 2147483647;
			files = (
			);
			runOnlyForDeploymentPostprocessing = 0;
		};
		08B82C63255D749100BAC5CD /* Resources */ = {
			isa = PBXResourcesBuildPhase;
			buildActionMask = 2147483647;
			files = (
			);
			runOnlyForDeploymentPostprocessing = 0;
		};
/* End PBXResourcesBuildPhase section */

/* Begin PBXShellScriptBuildPhase section */
		212C46D48DC0E6986B587B36 /* [CP] Check Pods Manifest.lock */ = {
			isa = PBXShellScriptBuildPhase;
			buildActionMask = 2147483647;
			files = (
			);
			inputFileListPaths = (
			);
			inputPaths = (
				"${PODS_PODFILE_DIR_PATH}/Podfile.lock",
				"${PODS_ROOT}/Manifest.lock",
			);
			name = "[CP] Check Pods Manifest.lock";
			outputFileListPaths = (
			);
			outputPaths = (
				"$(DERIVED_FILE_DIR)/Pods-LeoApp-LeoAppUITests-checkManifestLockResult.txt",
			);
			runOnlyForDeploymentPostprocessing = 0;
			shellPath = /bin/sh;
			shellScript = "diff \"${PODS_PODFILE_DIR_PATH}/Podfile.lock\" \"${PODS_ROOT}/Manifest.lock\" > /dev/null\nif [ $? != 0 ] ; then\n    # print error to STDERR\n    echo \"error: The sandbox is not in sync with the Podfile.lock. Run 'pod install' or update your CocoaPods installation.\" >&2\n    exit 1\nfi\n# This output is used by Xcode 'outputs' to avoid re-running this script phase.\necho \"SUCCESS\" > \"${SCRIPT_OUTPUT_FILE_0}\"\n";
			showEnvVarsInLog = 0;
		};
		2BAEF6A90946D4AE0DA18F57 /* [CP] Check Pods Manifest.lock */ = {
			isa = PBXShellScriptBuildPhase;
			buildActionMask = 2147483647;
			files = (
			);
			inputFileListPaths = (
			);
			inputPaths = (
				"${PODS_PODFILE_DIR_PATH}/Podfile.lock",
				"${PODS_ROOT}/Manifest.lock",
			);
			name = "[CP] Check Pods Manifest.lock";
			outputFileListPaths = (
			);
			outputPaths = (
				"$(DERIVED_FILE_DIR)/Pods-LeoAppTests-checkManifestLockResult.txt",
			);
			runOnlyForDeploymentPostprocessing = 0;
			shellPath = /bin/sh;
			shellScript = "diff \"${PODS_PODFILE_DIR_PATH}/Podfile.lock\" \"${PODS_ROOT}/Manifest.lock\" > /dev/null\nif [ $? != 0 ] ; then\n    # print error to STDERR\n    echo \"error: The sandbox is not in sync with the Podfile.lock. Run 'pod install' or update your CocoaPods installation.\" >&2\n    exit 1\nfi\n# This output is used by Xcode 'outputs' to avoid re-running this script phase.\necho \"SUCCESS\" > \"${SCRIPT_OUTPUT_FILE_0}\"\n";
			showEnvVarsInLog = 0;
		};
		2CB420AE8BBA268A44BC4A2A /* [CP] Embed Pods Frameworks */ = {
			isa = PBXShellScriptBuildPhase;
			buildActionMask = 2147483647;
			files = (
			);
			inputFileListPaths = (
				"${PODS_ROOT}/Target Support Files/Pods-LeoApp-LeoAppUITests/Pods-LeoApp-LeoAppUITests-frameworks-${CONFIGURATION}-input-files.xcfilelist",
			);
			name = "[CP] Embed Pods Frameworks";
			outputFileListPaths = (
				"${PODS_ROOT}/Target Support Files/Pods-LeoApp-LeoAppUITests/Pods-LeoApp-LeoAppUITests-frameworks-${CONFIGURATION}-output-files.xcfilelist",
			);
			runOnlyForDeploymentPostprocessing = 0;
			shellPath = /bin/sh;
			shellScript = "\"${PODS_ROOT}/Target Support Files/Pods-LeoApp-LeoAppUITests/Pods-LeoApp-LeoAppUITests-frameworks.sh\"\n";
			showEnvVarsInLog = 0;
		};
		730E5C41389E0D622C5DC5EC /* [CP] Embed Pods Frameworks */ = {
			isa = PBXShellScriptBuildPhase;
			buildActionMask = 2147483647;
			files = (
			);
			inputFileListPaths = (
				"${PODS_ROOT}/Target Support Files/Pods-LeoApp/Pods-LeoApp-frameworks-${CONFIGURATION}-input-files.xcfilelist",
			);
			name = "[CP] Embed Pods Frameworks";
			outputFileListPaths = (
				"${PODS_ROOT}/Target Support Files/Pods-LeoApp/Pods-LeoApp-frameworks-${CONFIGURATION}-output-files.xcfilelist",
			);
			runOnlyForDeploymentPostprocessing = 0;
			shellPath = /bin/sh;
			shellScript = "\"${PODS_ROOT}/Target Support Files/Pods-LeoApp/Pods-LeoApp-frameworks.sh\"\n";
			showEnvVarsInLog = 0;
		};
		A53C0C0F22D0DAC5C58B7D72 /* [CP] Check Pods Manifest.lock */ = {
			isa = PBXShellScriptBuildPhase;
			buildActionMask = 2147483647;
			files = (
			);
			inputFileListPaths = (
			);
			inputPaths = (
				"${PODS_PODFILE_DIR_PATH}/Podfile.lock",
				"${PODS_ROOT}/Manifest.lock",
			);
			name = "[CP] Check Pods Manifest.lock";
			outputFileListPaths = (
			);
			outputPaths = (
				"$(DERIVED_FILE_DIR)/Pods-LeoApp-checkManifestLockResult.txt",
			);
			runOnlyForDeploymentPostprocessing = 0;
			shellPath = /bin/sh;
			shellScript = "diff \"${PODS_PODFILE_DIR_PATH}/Podfile.lock\" \"${PODS_ROOT}/Manifest.lock\" > /dev/null\nif [ $? != 0 ] ; then\n    # print error to STDERR\n    echo \"error: The sandbox is not in sync with the Podfile.lock. Run 'pod install' or update your CocoaPods installation.\" >&2\n    exit 1\nfi\n# This output is used by Xcode 'outputs' to avoid re-running this script phase.\necho \"SUCCESS\" > \"${SCRIPT_OUTPUT_FILE_0}\"\n";
			showEnvVarsInLog = 0;
		};
/* End PBXShellScriptBuildPhase section */

/* Begin PBXSourcesBuildPhase section */
		08B82C40255D749000BAC5CD /* Sources */ = {
			isa = PBXSourcesBuildPhase;
			buildActionMask = 2147483647;
			files = (
				0841721C25680AC9004A1580 /* RoundButton.swift in Sources */,
				08B82C4C255D749000BAC5CD /* ViewController.swift in Sources */,
				085E7BE02580E6E100B2C23F /* ColorsChangeViewController.swift in Sources */,
				08B82C7F255D751A00BAC5CD /* WeatherViewController.swift in Sources */,
				0814D41A25628A6D00845466 /* AnimationViewController.swift in Sources */,
				08B82C48255D749000BAC5CD /* AppDelegate.swift in Sources */,
				0808206B257771F5000C4C01 /* CoreDataViewController.swift in Sources */,
				08082060257766DD000C4C01 /* RealmFile.swift in Sources */,
				08D4346C25811F1B000C4F54 /* SettingsViewController.swift in Sources */,
				087D9E4F255DB13C00625E2E /* ClockViewController.swift in Sources */,
				080F103D257B80A4002C39DB /* CoreData.xcdatamodeld in Sources */,
				08B82C93255D7F9B00BAC5CD /* ButtonViewController.swift in Sources */,
				08711636256D006100EAE661 /* ToDoListViewController.swift in Sources */,
				085E7BDB2580E6AC00B2C23F /* ColorsContainerViewController.swift in Sources */,
				08B82C4A255D749000BAC5CD /* SceneDelegate.swift in Sources */,
			);
			runOnlyForDeploymentPostprocessing = 0;
		};
		08B82C56255D749100BAC5CD /* Sources */ = {
			isa = PBXSourcesBuildPhase;
			buildActionMask = 2147483647;
			files = (
				08B82C5F255D749100BAC5CD /* LeoAppTests.swift in Sources */,
			);
			runOnlyForDeploymentPostprocessing = 0;
		};
		08B82C61255D749100BAC5CD /* Sources */ = {
			isa = PBXSourcesBuildPhase;
			buildActionMask = 2147483647;
			files = (
				08B82C6A255D749100BAC5CD /* LeoAppUITests.swift in Sources */,
			);
			runOnlyForDeploymentPostprocessing = 0;
		};
/* End PBXSourcesBuildPhase section */

/* Begin PBXTargetDependency section */
		08B82C5C255D749100BAC5CD /* PBXTargetDependency */ = {
			isa = PBXTargetDependency;
			target = 08B82C43255D749000BAC5CD /* LeoApp */;
			targetProxy = 08B82C5B255D749100BAC5CD /* PBXContainerItemProxy */;
		};
		08B82C67255D749100BAC5CD /* PBXTargetDependency */ = {
			isa = PBXTargetDependency;
			target = 08B82C43255D749000BAC5CD /* LeoApp */;
			targetProxy = 08B82C66255D749100BAC5CD /* PBXContainerItemProxy */;
		};
/* End PBXTargetDependency section */

/* Begin PBXVariantGroup section */
		08B82C4D255D749000BAC5CD /* Main.storyboard */ = {
			isa = PBXVariantGroup;
			children = (
				08B82C4E255D749000BAC5CD /* Base */,
			);
			name = Main.storyboard;
			sourceTree = "<group>";
		};
		08B82C52255D749100BAC5CD /* LaunchScreen.storyboard */ = {
			isa = PBXVariantGroup;
			children = (
				08B82C53255D749100BAC5CD /* Base */,
			);
			name = LaunchScreen.storyboard;
			sourceTree = "<group>";
		};
/* End PBXVariantGroup section */

/* Begin XCBuildConfiguration section */
		08B82C6C255D749100BAC5CD /* Debug */ = {
			isa = XCBuildConfiguration;
			buildSettings = {
				ALWAYS_SEARCH_USER_PATHS = NO;
				CLANG_ANALYZER_NONNULL = YES;
				CLANG_ANALYZER_NUMBER_OBJECT_CONVERSION = YES_AGGRESSIVE;
				CLANG_CXX_LANGUAGE_STANDARD = "gnu++14";
				CLANG_CXX_LIBRARY = "libc++";
				CLANG_ENABLE_MODULES = YES;
				CLANG_ENABLE_OBJC_ARC = YES;
				CLANG_ENABLE_OBJC_WEAK = YES;
				CLANG_WARN_BLOCK_CAPTURE_AUTORELEASING = YES;
				CLANG_WARN_BOOL_CONVERSION = YES;
				CLANG_WARN_COMMA = YES;
				CLANG_WARN_CONSTANT_CONVERSION = YES;
				CLANG_WARN_DEPRECATED_OBJC_IMPLEMENTATIONS = YES;
				CLANG_WARN_DIRECT_OBJC_ISA_USAGE = YES_ERROR;
				CLANG_WARN_DOCUMENTATION_COMMENTS = YES;
				CLANG_WARN_EMPTY_BODY = YES;
				CLANG_WARN_ENUM_CONVERSION = YES;
				CLANG_WARN_INFINITE_RECURSION = YES;
				CLANG_WARN_INT_CONVERSION = YES;
				CLANG_WARN_NON_LITERAL_NULL_CONVERSION = YES;
				CLANG_WARN_OBJC_IMPLICIT_RETAIN_SELF = YES;
				CLANG_WARN_OBJC_LITERAL_CONVERSION = YES;
				CLANG_WARN_OBJC_ROOT_CLASS = YES_ERROR;
				CLANG_WARN_QUOTED_INCLUDE_IN_FRAMEWORK_HEADER = YES;
				CLANG_WARN_RANGE_LOOP_ANALYSIS = YES;
				CLANG_WARN_STRICT_PROTOTYPES = YES;
				CLANG_WARN_SUSPICIOUS_MOVE = YES;
				CLANG_WARN_UNGUARDED_AVAILABILITY = YES_AGGRESSIVE;
				CLANG_WARN_UNREACHABLE_CODE = YES;
				CLANG_WARN__DUPLICATE_METHOD_MATCH = YES;
				COPY_PHASE_STRIP = NO;
				DEBUG_INFORMATION_FORMAT = dwarf;
				ENABLE_STRICT_OBJC_MSGSEND = YES;
				ENABLE_TESTABILITY = YES;
				GCC_C_LANGUAGE_STANDARD = gnu11;
				GCC_DYNAMIC_NO_PIC = NO;
				GCC_NO_COMMON_BLOCKS = YES;
				GCC_OPTIMIZATION_LEVEL = 0;
				GCC_PREPROCESSOR_DEFINITIONS = (
					"DEBUG=1",
					"$(inherited)",
				);
				GCC_WARN_64_TO_32_BIT_CONVERSION = YES;
				GCC_WARN_ABOUT_RETURN_TYPE = YES_ERROR;
				GCC_WARN_UNDECLARED_SELECTOR = YES;
				GCC_WARN_UNINITIALIZED_AUTOS = YES_AGGRESSIVE;
				GCC_WARN_UNUSED_FUNCTION = YES;
				GCC_WARN_UNUSED_VARIABLE = YES;
				IPHONEOS_DEPLOYMENT_TARGET = 14.0;
				MTL_ENABLE_DEBUG_INFO = INCLUDE_SOURCE;
				MTL_FAST_MATH = YES;
				ONLY_ACTIVE_ARCH = YES;
				SDKROOT = iphoneos;
				SWIFT_ACTIVE_COMPILATION_CONDITIONS = DEBUG;
				SWIFT_OPTIMIZATION_LEVEL = "-Onone";
			};
			name = Debug;
		};
		08B82C6D255D749100BAC5CD /* Release */ = {
			isa = XCBuildConfiguration;
			buildSettings = {
				ALWAYS_SEARCH_USER_PATHS = NO;
				CLANG_ANALYZER_NONNULL = YES;
				CLANG_ANALYZER_NUMBER_OBJECT_CONVERSION = YES_AGGRESSIVE;
				CLANG_CXX_LANGUAGE_STANDARD = "gnu++14";
				CLANG_CXX_LIBRARY = "libc++";
				CLANG_ENABLE_MODULES = YES;
				CLANG_ENABLE_OBJC_ARC = YES;
				CLANG_ENABLE_OBJC_WEAK = YES;
				CLANG_WARN_BLOCK_CAPTURE_AUTORELEASING = YES;
				CLANG_WARN_BOOL_CONVERSION = YES;
				CLANG_WARN_COMMA = YES;
				CLANG_WARN_CONSTANT_CONVERSION = YES;
				CLANG_WARN_DEPRECATED_OBJC_IMPLEMENTATIONS = YES;
				CLANG_WARN_DIRECT_OBJC_ISA_USAGE = YES_ERROR;
				CLANG_WARN_DOCUMENTATION_COMMENTS = YES;
				CLANG_WARN_EMPTY_BODY = YES;
				CLANG_WARN_ENUM_CONVERSION = YES;
				CLANG_WARN_INFINITE_RECURSION = YES;
				CLANG_WARN_INT_CONVERSION = YES;
				CLANG_WARN_NON_LITERAL_NULL_CONVERSION = YES;
				CLANG_WARN_OBJC_IMPLICIT_RETAIN_SELF = YES;
				CLANG_WARN_OBJC_LITERAL_CONVERSION = YES;
				CLANG_WARN_OBJC_ROOT_CLASS = YES_ERROR;
				CLANG_WARN_QUOTED_INCLUDE_IN_FRAMEWORK_HEADER = YES;
				CLANG_WARN_RANGE_LOOP_ANALYSIS = YES;
				CLANG_WARN_STRICT_PROTOTYPES = YES;
				CLANG_WARN_SUSPICIOUS_MOVE = YES;
				CLANG_WARN_UNGUARDED_AVAILABILITY = YES_AGGRESSIVE;
				CLANG_WARN_UNREACHABLE_CODE = YES;
				CLANG_WARN__DUPLICATE_METHOD_MATCH = YES;
				COPY_PHASE_STRIP = NO;
				DEBUG_INFORMATION_FORMAT = "dwarf-with-dsym";
				ENABLE_NS_ASSERTIONS = NO;
				ENABLE_STRICT_OBJC_MSGSEND = YES;
				GCC_C_LANGUAGE_STANDARD = gnu11;
				GCC_NO_COMMON_BLOCKS = YES;
				GCC_WARN_64_TO_32_BIT_CONVERSION = YES;
				GCC_WARN_ABOUT_RETURN_TYPE = YES_ERROR;
				GCC_WARN_UNDECLARED_SELECTOR = YES;
				GCC_WARN_UNINITIALIZED_AUTOS = YES_AGGRESSIVE;
				GCC_WARN_UNUSED_FUNCTION = YES;
				GCC_WARN_UNUSED_VARIABLE = YES;
				IPHONEOS_DEPLOYMENT_TARGET = 14.0;
				MTL_ENABLE_DEBUG_INFO = NO;
				MTL_FAST_MATH = YES;
				SDKROOT = iphoneos;
				SWIFT_COMPILATION_MODE = wholemodule;
				SWIFT_OPTIMIZATION_LEVEL = "-O";
				VALIDATE_PRODUCT = YES;
			};
			name = Release;
		};
		08B82C6F255D749100BAC5CD /* Debug */ = {
			isa = XCBuildConfiguration;
			baseConfigurationReference = BFB71CA2C61355F35EC8584A /* Pods-LeoApp.debug.xcconfig */;
			buildSettings = {
				ASSETCATALOG_COMPILER_APPICON_NAME = AppIcon;
				ASSETCATALOG_COMPILER_GLOBAL_ACCENT_COLOR_NAME = AccentColor;
				CODE_SIGN_IDENTITY = "Apple Development";
				CODE_SIGN_STYLE = Automatic;
				DEVELOPMENT_TEAM = 4S884K92GC;
				INFOPLIST_FILE = LeoApp/Info.plist;
				LD_RUNPATH_SEARCH_PATHS = (
					"$(inherited)",
					"@executable_path/Frameworks",
				);
				PRODUCT_BUNDLE_IDENTIFIER = GoldManLeo.LeoApp;
				PRODUCT_NAME = "$(TARGET_NAME)";
				PROVISIONING_PROFILE_SPECIFIER = "";
				SWIFT_VERSION = 5.0;
				TARGETED_DEVICE_FAMILY = "1,2";
			};
			name = Debug;
		};
		08B82C70255D749100BAC5CD /* Release */ = {
			isa = XCBuildConfiguration;
			baseConfigurationReference = 50CE91DC71F68B585760999B /* Pods-LeoApp.release.xcconfig */;
			buildSettings = {
				ASSETCATALOG_COMPILER_APPICON_NAME = AppIcon;
				ASSETCATALOG_COMPILER_GLOBAL_ACCENT_COLOR_NAME = AccentColor;
				CODE_SIGN_IDENTITY = "Apple Development";
				CODE_SIGN_STYLE = Automatic;
				DEVELOPMENT_TEAM = 4S884K92GC;
				INFOPLIST_FILE = LeoApp/Info.plist;
				LD_RUNPATH_SEARCH_PATHS = (
					"$(inherited)",
					"@executable_path/Frameworks",
				);
				PRODUCT_BUNDLE_IDENTIFIER = GoldManLeo.LeoApp;
				PRODUCT_NAME = "$(TARGET_NAME)";
				PROVISIONING_PROFILE_SPECIFIER = "";
				SWIFT_VERSION = 5.0;
				TARGETED_DEVICE_FAMILY = "1,2";
			};
			name = Release;
		};
		08B82C72255D749100BAC5CD /* Debug */ = {
			isa = XCBuildConfiguration;
			baseConfigurationReference = C6972D583029252302675E82 /* Pods-LeoAppTests.debug.xcconfig */;
			buildSettings = {
				ALWAYS_EMBED_SWIFT_STANDARD_LIBRARIES = YES;
				BUNDLE_LOADER = "$(TEST_HOST)";
				CODE_SIGN_STYLE = Automatic;
				INFOPLIST_FILE = LeoAppTests/Info.plist;
				IPHONEOS_DEPLOYMENT_TARGET = 14.1;
				LD_RUNPATH_SEARCH_PATHS = (
					"$(inherited)",
					"@executable_path/Frameworks",
					"@loader_path/Frameworks",
				);
				PRODUCT_BUNDLE_IDENTIFIER = GoldManLeo.LeoAppTests;
				PRODUCT_NAME = "$(TARGET_NAME)";
				SWIFT_VERSION = 5.0;
				TARGETED_DEVICE_FAMILY = "1,2";
				TEST_HOST = "$(BUILT_PRODUCTS_DIR)/LeoApp.app/LeoApp";
			};
			name = Debug;
		};
		08B82C73255D749100BAC5CD /* Release */ = {
			isa = XCBuildConfiguration;
			baseConfigurationReference = 01AB744C8F784367F5F47A9B /* Pods-LeoAppTests.release.xcconfig */;
			buildSettings = {
				ALWAYS_EMBED_SWIFT_STANDARD_LIBRARIES = YES;
				BUNDLE_LOADER = "$(TEST_HOST)";
				CODE_SIGN_STYLE = Automatic;
				INFOPLIST_FILE = LeoAppTests/Info.plist;
				IPHONEOS_DEPLOYMENT_TARGET = 14.1;
				LD_RUNPATH_SEARCH_PATHS = (
					"$(inherited)",
					"@executable_path/Frameworks",
					"@loader_path/Frameworks",
				);
				PRODUCT_BUNDLE_IDENTIFIER = GoldManLeo.LeoAppTests;
				PRODUCT_NAME = "$(TARGET_NAME)";
				SWIFT_VERSION = 5.0;
				TARGETED_DEVICE_FAMILY = "1,2";
				TEST_HOST = "$(BUILT_PRODUCTS_DIR)/LeoApp.app/LeoApp";
			};
			name = Release;
		};
		08B82C75255D749100BAC5CD /* Debug */ = {
			isa = XCBuildConfiguration;
			baseConfigurationReference = 322DEBDF677B1412091AF81C /* Pods-LeoApp-LeoAppUITests.debug.xcconfig */;
			buildSettings = {
				ALWAYS_EMBED_SWIFT_STANDARD_LIBRARIES = YES;
				CODE_SIGN_STYLE = Automatic;
				INFOPLIST_FILE = LeoAppUITests/Info.plist;
				LD_RUNPATH_SEARCH_PATHS = (
					"$(inherited)",
					"@executable_path/Frameworks",
					"@loader_path/Frameworks",
				);
				PRODUCT_BUNDLE_IDENTIFIER = GoldManLeo.LeoAppUITests;
				PRODUCT_NAME = "$(TARGET_NAME)";
				SWIFT_VERSION = 5.0;
				TARGETED_DEVICE_FAMILY = "1,2";
				TEST_TARGET_NAME = LeoApp;
			};
			name = Debug;
		};
		08B82C76255D749100BAC5CD /* Release */ = {
			isa = XCBuildConfiguration;
			baseConfigurationReference = B035EB95B6CEA7319EA9324D /* Pods-LeoApp-LeoAppUITests.release.xcconfig */;
			buildSettings = {
				ALWAYS_EMBED_SWIFT_STANDARD_LIBRARIES = YES;
				CODE_SIGN_STYLE = Automatic;
				INFOPLIST_FILE = LeoAppUITests/Info.plist;
				LD_RUNPATH_SEARCH_PATHS = (
					"$(inherited)",
					"@executable_path/Frameworks",
					"@loader_path/Frameworks",
				);
				PRODUCT_BUNDLE_IDENTIFIER = GoldManLeo.LeoAppUITests;
				PRODUCT_NAME = "$(TARGET_NAME)";
				SWIFT_VERSION = 5.0;
				TARGETED_DEVICE_FAMILY = "1,2";
				TEST_TARGET_NAME = LeoApp;
			};
			name = Release;
		};
/* End XCBuildConfiguration section */

/* Begin XCConfigurationList section */
		08B82C3F255D749000BAC5CD /* Build configuration list for PBXProject "LeoApp" */ = {
			isa = XCConfigurationList;
			buildConfigurations = (
				08B82C6C255D749100BAC5CD /* Debug */,
				08B82C6D255D749100BAC5CD /* Release */,
			);
			defaultConfigurationIsVisible = 0;
			defaultConfigurationName = Release;
		};
		08B82C6E255D749100BAC5CD /* Build configuration list for PBXNativeTarget "LeoApp" */ = {
			isa = XCConfigurationList;
			buildConfigurations = (
				08B82C6F255D749100BAC5CD /* Debug */,
				08B82C70255D749100BAC5CD /* Release */,
			);
			defaultConfigurationIsVisible = 0;
			defaultConfigurationName = Release;
		};
		08B82C71255D749100BAC5CD /* Build configuration list for PBXNativeTarget "LeoAppTests" */ = {
			isa = XCConfigurationList;
			buildConfigurations = (
				08B82C72255D749100BAC5CD /* Debug */,
				08B82C73255D749100BAC5CD /* Release */,
			);
			defaultConfigurationIsVisible = 0;
			defaultConfigurationName = Release;
		};
		08B82C74255D749100BAC5CD /* Build configuration list for PBXNativeTarget "LeoAppUITests" */ = {
			isa = XCConfigurationList;
			buildConfigurations = (
				08B82C75255D749100BAC5CD /* Debug */,
				08B82C76255D749100BAC5CD /* Release */,
			);
			defaultConfigurationIsVisible = 0;
			defaultConfigurationName = Release;
		};
/* End XCConfigurationList section */

/* Begin XCVersionGroup section */
		080F103B257B80A4002C39DB /* CoreData.xcdatamodeld */ = {
			isa = XCVersionGroup;
			children = (
				080F103C257B80A4002C39DB /* CoreData.xcdatamodel */,
			);
			currentVersion = 080F103C257B80A4002C39DB /* CoreData.xcdatamodel */;
			path = CoreData.xcdatamodeld;
			sourceTree = "<group>";
			versionGroupType = wrapper.xcdatamodel;
		};
/* End XCVersionGroup section */
	};
	rootObject = 08B82C3C255D749000BAC5CD /* Project object */;
}
